
Microsoft Visual Studio Solution File, Format Version 12.00
# Visual Studio 15
VisualStudioVersion = 15.0.27130.2024
MinimumVisualStudioVersion = 10.0.40219.1
Project("{9A19103F-16F7-4668-BE54-9A1E7A4F7556}") = "Etosha.Web.Api", "Etosha.Web.Api\Etosha.Web.Api.csproj", "{EBF8AEA5-DB48-4583-9990-8D1202534864}"
EndProject
Project("{9A19103F-16F7-4668-BE54-9A1E7A4F7556}") = "Etosha.Server.Common", "Etosha.Server.Common\Etosha.Server.Common.csproj", "{910807D6-2F7B-41BC-A318-88E5E660DD16}"
EndProject
Project("{9A19103F-16F7-4668-BE54-9A1E7A4F7556}") = "Etosha.Server", "Etosha.Server\Etosha.Server.csproj", "{7877DF8C-EEE7-4B27-B2AA-FD6A7AC348FF}"
EndProject
Project("{2150E333-8FDC-42A3-9474-1A3956D46DE8}") = "Tests", "Tests", "{66A36AE2-E2C1-44E8-B42A-B06E73EAF30C}"
EndProject
Project("{9A19103F-16F7-4668-BE54-9A1E7A4F7556}") = "Etosha.Server.Tests", "Tests\Etosha.Server.Tests\Etosha.Server.Tests.csproj", "{B42F505C-4437-4D28-82F9-48D49EB939B7}"
EndProject
Project("{9A19103F-16F7-4668-BE54-9A1E7A4F7556}") = "Etosha.Web.Api.Tests", "Tests\Etosha.Web.Api.Tests\Etosha.Web.Api.Tests.csproj", "{A87ACC16-EF06-44FE-AE86-058F30B9EA7A}"
EndProject
Global
	GlobalSection(SolutionConfigurationPlatforms) = preSolution
		Debug|Any CPU = Debug|Any CPU
		Release|Any CPU = Release|Any CPU
	EndGlobalSection
	GlobalSection(ProjectConfigurationPlatforms) = postSolution
		{EBF8AEA5-DB48-4583-9990-8D1202534864}.Debug|Any CPU.ActiveCfg = Debug|Any CPU
		{EBF8AEA5-DB48-4583-9990-8D1202534864}.Debug|Any CPU.Build.0 = Debug|Any CPU
		{EBF8AEA5-DB48-4583-9990-8D1202534864}.Release|Any CPU.ActiveCfg = Release|Any CPU
		{EBF8AEA5-DB48-4583-9990-8D1202534864}.Release|Any CPU.Build.0 = Release|Any CPU
		{910807D6-2F7B-41BC-A318-88E5E660DD16}.Debug|Any CPU.ActiveCfg = Debug|Any CPU
		{910807D6-2F7B-41BC-A318-88E5E660DD16}.Debug|Any CPU.Build.0 = Debug|Any CPU
		{910807D6-2F7B-41BC-A318-88E5E660DD16}.Release|Any CPU.ActiveCfg = Release|Any CPU
		{910807D6-2F7B-41BC-A318-88E5E660DD16}.Release|Any CPU.Build.0 = Release|Any CPU
		{7877DF8C-EEE7-4B27-B2AA-FD6A7AC348FF}.Debug|Any CPU.ActiveCfg = Debug|Any CPU
		{7877DF8C-EEE7-4B27-B2AA-FD6A7AC348FF}.Debug|Any CPU.Build.0 = Debug|Any CPU
		{7877DF8C-EEE7-4B27-B2AA-FD6A7AC348FF}.Release|Any CPU.ActiveCfg = Release|Any CPU
		{7877DF8C-EEE7-4B27-B2AA-FD6A7AC348FF}.Release|Any CPU.Build.0 = Release|Any CPU
		{B42F505C-4437-4D28-82F9-48D49EB939B7}.Debug|Any CPU.ActiveCfg = Debug|Any CPU
		{B42F505C-4437-4D28-82F9-48D49EB939B7}.Debug|Any CPU.Build.0 = Debug|Any CPU
		{B42F505C-4437-4D28-82F9-48D49EB939B7}.Release|Any CPU.ActiveCfg = Release|Any CPU
		{B42F505C-4437-4D28-82F9-48D49EB939B7}.Release|Any CPU.Build.0 = Release|Any CPU
		{A87ACC16-EF06-44FE-AE86-058F30B9EA7A}.Debug|Any CPU.ActiveCfg = Debug|Any CPU
		{A87ACC16-EF06-44FE-AE86-058F30B9EA7A}.Debug|Any CPU.Build.0 = Debug|Any CPU
		{A87ACC16-EF06-44FE-AE86-058F30B9EA7A}.Release|Any CPU.ActiveCfg = Release|Any CPU
		{A87ACC16-EF06-44FE-AE86-058F30B9EA7A}.Release|Any CPU.Build.0 = Release|Any CPU
	EndGlobalSection
	GlobalSection(SolutionProperties) = preSolution
		HideSolutionNode = FALSE
	EndGlobalSection
	GlobalSection(NestedProjects) = preSolution
		{B42F505C-4437-4D28-82F9-48D49EB939B7} = {66A36AE2-E2C1-44E8-B42A-B06E73EAF30C}
		{A87ACC16-EF06-44FE-AE86-058F30B9EA7A} = {66A36AE2-E2C1-44E8-B42A-B06E73EAF30C}
	EndGlobalSection
	GlobalSection(ExtensibilityGlobals) = postSolution
		SolutionGuid = {7AD9CD4F-8EA3-4DC4-957F-8DF4077FA7CE}
	EndGlobalSection
EndGlobal
